
Microsoft Visual Studio Solution File, Format Version 12.00
# Visual Studio Version 17
VisualStudioVersion = 17.14.36623.8
MinimumVisualStudioVersion = 10.0.40219.1
Project("{FAE04EC0-301F-11D3-BF4B-00C04F79EFBC}") = "RecipeApi", "RecipeApi\RecipeApi.csproj", "{943F2F17-D042-4E63-B162-A5860EF72DAE}"
EndProject
Project("{FAE04EC0-301F-11D3-BF4B-00C04F79EFBC}") = "RecipeApi.Tests", "RecipeApi.Tests\RecipeApi.Tests.csproj", "{9F334E84-6A75-421A-80C7-861D9053F264}"
EndProject
Global
	GlobalSection(SolutionConfigurationPlatforms) = preSolution
		Debug|Any CPU = Debug|Any CPU
		Release|Any CPU = Release|Any CPU
	EndGlobalSection
	GlobalSection(ProjectConfigurationPlatforms) = postSolution
		{943F2F17-D042-4E63-B162-A5860EF72DAE}.Debug|Any CPU.ActiveCfg = Debug|Any CPU
		{943F2F17-D042-4E63-B162-A5860EF72DAE}.Debug|Any CPU.Build.0 = Debug|Any CPU
		{943F2F17-D042-4E63-B162-A5860EF72DAE}.Release|Any CPU.ActiveCfg = Release|Any CPU
		{943F2F17-D042-4E63-B162-A5860EF72DAE}.Release|Any CPU.Build.0 = Release|Any CPU
		{9F334E84-6A75-421A-80C7-861D9053F264}.Debug|Any CPU.ActiveCfg = Debug|Any CPU
		{9F334E84-6A75-421A-80C7-861D9053F264}.Debug|Any CPU.Build.0 = Debug|Any CPU
		{9F334E84-6A75-421A-80C7-861D9053F264}.Release|Any CPU.ActiveCfg = Release|Any CPU
		{9F334E84-6A75-421A-80C7-861D9053F264}.Release|Any CPU.Build.0 = Release|Any CPU
	EndGlobalSection
	GlobalSection(SolutionProperties) = preSolution
		HideSolutionNode = FALSE
	EndGlobalSection
	GlobalSection(ExtensibilityGlobals) = postSolution
		SolutionGuid = {3A7D6EAD-AEEF-4072-858E-DA36A842A676}
	EndGlobalSection
EndGlobal
